
Microsoft Visual Studio Solution File, Format Version 12.00
# Visual Studio Version 17
VisualStudioVersion = 17.0.31903.59
MinimumVisualStudioVersion = 10.0.40219.1
Project("{2150E333-8FDC-42A3-9474-1A3956D46DE8}") = "src", "src", "{02EA681E-C7D8-13C7-8484-4AC65E1B71E8}"
EndProject
Project("{2150E333-8FDC-42A3-9474-1A3956D46DE8}") = "ProposalService", "ProposalService", "{C1353529-7813-4585-9AC2-E881CCDC967C}"
EndProject
Project("{2150E333-8FDC-42A3-9474-1A3956D46DE8}") = "ContractingService", "ContractingService", "{83493C40-5B4C-4329-964C-3744ACA0D5B6}"
EndProject
Project("{2150E333-8FDC-42A3-9474-1A3956D46DE8}") = "Shared", "Shared", "{1DBC395B-C179-4436-AA8B-C299D8D1D15A}"
EndProject
Project("{2150E333-8FDC-42A3-9474-1A3956D46DE8}") = "tests", "tests", "{54EB8A31-F39E-448C-8679-4CA59418F454}"
EndProject
Project("{2150E333-8FDC-42A3-9474-1A3956D46DE8}") = "deploy", "deploy", "{5AE71554-F489-44FC-AB7F-E494F93E46A6}"
EndProject
Project("{FAE04EC0-301F-11D3-BF4B-00C04F79EFBC}") = "Shared.Contracts", "src\Shared\Shared.Contracts\Shared.Contracts.csproj", "{CD9CB644-39A5-4724-96F1-403FA41A32E8}"
EndProject
Project("{FAE04EC0-301F-11D3-BF4B-00C04F79EFBC}") = "Shared.CrossCutting", "src\Shared\Shared.CrossCutting\Shared.CrossCutting.csproj", "{306DECC8-10F2-4E07-8869-B7F33F0BA4BF}"
EndProject
Project("{FAE04EC0-301F-11D3-BF4B-00C04F79EFBC}") = "ProposalService.Api", "src\ProposalService\ProposalService.Api\ProposalService.Api.csproj", "{8335BD5A-E6DF-4FEC-82CD-469887EAD1F0}"
EndProject
Project("{FAE04EC0-301F-11D3-BF4B-00C04F79EFBC}") = "ProposalService.Application", "src\ProposalService\ProposalService.Application\ProposalService.Application.csproj", "{F2197F5E-7C95-4BCC-B8CA-D5E7B5E7B8B0}"
EndProject
Project("{FAE04EC0-301F-11D3-BF4B-00C04F79EFBC}") = "ProposalService.Domain", "src\ProposalService\ProposalService.Domain\ProposalService.Domain.csproj", "{E61D8E50-6600-4E0C-BBA6-49355BD6CBA5}"
EndProject
Project("{FAE04EC0-301F-11D3-BF4B-00C04F79EFBC}") = "ProposalService.Infrastructure", "src\ProposalService\ProposalService.Infrastructure\ProposalService.Infrastructure.csproj", "{032F18CA-DD19-4A3D-9817-1AA7A2971C84}"
EndProject
Project("{FAE04EC0-301F-11D3-BF4B-00C04F79EFBC}") = "ContractingService.Api", "src\ContractingService\ContractingService.Api\ContractingService.Api.csproj", "{C98E02BE-061A-4FD9-98C7-762FD2A2D891}"
EndProject
Project("{FAE04EC0-301F-11D3-BF4B-00C04F79EFBC}") = "ContractingService.Application", "src\ContractingService\ContractingService.Application\ContractingService.Application.csproj", "{5E0FD75E-3EC6-4B15-B7A1-46A42123E71A}"
EndProject
Project("{FAE04EC0-301F-11D3-BF4B-00C04F79EFBC}") = "ContractingService.Domain", "src\ContractingService\ContractingService.Domain\ContractingService.Domain.csproj", "{3D5611A1-51D7-4972-85F2-0769902ADEF0}"
EndProject
Project("{FAE04EC0-301F-11D3-BF4B-00C04F79EFBC}") = "ContractingService.Infrastructure", "src\ContractingService\ContractingService.Infrastructure\ContractingService.Infrastructure.csproj", "{AF9241D4-4A42-4474-9DAA-F46BCBA83A2F}"
EndProject
Project("{FAE04EC0-301F-11D3-BF4B-00C04F79EFBC}") = "ProposalService.Tests.Unit", "tests\ProposalService.Tests.Unit\ProposalService.Tests.Unit.csproj", "{B7FF930F-D18F-44B3-95E0-5CB73D86CC9E}"
EndProject
Project("{FAE04EC0-301F-11D3-BF4B-00C04F79EFBC}") = "ProposalService.Tests.Integration", "tests\ProposalService.Tests.Integration\ProposalService.Tests.Integration.csproj", "{5978C564-D447-4A8E-B629-B4BC42104F94}"
EndProject
Project("{FAE04EC0-301F-11D3-BF4B-00C04F79EFBC}") = "ContractingService.Tests.Unit", "tests\ContractingService.Tests.Unit\ContractingService.Tests.Unit.csproj", "{3C9E6A76-B22C-4210-AF8F-1305CCC16224}"
EndProject
Project("{FAE04EC0-301F-11D3-BF4B-00C04F79EFBC}") = "ContractingService.Tests.Integration", "tests\ContractingService.Tests.Integration\ContractingService.Tests.Integration.csproj", "{D4269B6C-425E-48BC-BD6E-71AC9BB77DF0}"
EndProject
Global
	GlobalSection(SolutionConfigurationPlatforms) = preSolution
		Debug|Any CPU = Debug|Any CPU
		Debug|x64 = Debug|x64
		Debug|x86 = Debug|x86
		Release|Any CPU = Release|Any CPU
		Release|x64 = Release|x64
		Release|x86 = Release|x86
	EndGlobalSection
	GlobalSection(ProjectConfigurationPlatforms) = postSolution
		{CD9CB644-39A5-4724-96F1-403FA41A32E8}.Debug|Any CPU.ActiveCfg = Debug|Any CPU
		{CD9CB644-39A5-4724-96F1-403FA41A32E8}.Debug|Any CPU.Build.0 = Debug|Any CPU
		{CD9CB644-39A5-4724-96F1-403FA41A32E8}.Debug|x64.ActiveCfg = Debug|Any CPU
		{CD9CB644-39A5-4724-96F1-403FA41A32E8}.Debug|x64.Build.0 = Debug|Any CPU
		{CD9CB644-39A5-4724-96F1-403FA41A32E8}.Debug|x86.ActiveCfg = Debug|Any CPU
		{CD9CB644-39A5-4724-96F1-403FA41A32E8}.Debug|x86.Build.0 = Debug|Any CPU
		{CD9CB644-39A5-4724-96F1-403FA41A32E8}.Release|Any CPU.ActiveCfg = Release|Any CPU
		{CD9CB644-39A5-4724-96F1-403FA41A32E8}.Release|Any CPU.Build.0 = Release|Any CPU
		{CD9CB644-39A5-4724-96F1-403FA41A32E8}.Release|x64.ActiveCfg = Release|Any CPU
		{CD9CB644-39A5-4724-96F1-403FA41A32E8}.Release|x64.Build.0 = Release|Any CPU
		{CD9CB644-39A5-4724-96F1-403FA41A32E8}.Release|x86.ActiveCfg = Release|Any CPU
		{CD9CB644-39A5-4724-96F1-403FA41A32E8}.Release|x86.Build.0 = Release|Any CPU
		{306DECC8-10F2-4E07-8869-B7F33F0BA4BF}.Debug|Any CPU.ActiveCfg = Debug|Any CPU
		{306DECC8-10F2-4E07-8869-B7F33F0BA4BF}.Debug|Any CPU.Build.0 = Debug|Any CPU
		{306DECC8-10F2-4E07-8869-B7F33F0BA4BF}.Debug|x64.ActiveCfg = Debug|Any CPU
		{306DECC8-10F2-4E07-8869-B7F33F0BA4BF}.Debug|x64.Build.0 = Debug|Any CPU
		{306DECC8-10F2-4E07-8869-B7F33F0BA4BF}.Debug|x86.ActiveCfg = Debug|Any CPU
		{306DECC8-10F2-4E07-8869-B7F33F0BA4BF}.Debug|x86.Build.0 = Debug|Any CPU
		{306DECC8-10F2-4E07-8869-B7F33F0BA4BF}.Release|Any CPU.ActiveCfg = Release|Any CPU
		{306DECC8-10F2-4E07-8869-B7F33F0BA4BF}.Release|Any CPU.Build.0 = Release|Any CPU
		{306DECC8-10F2-4E07-8869-B7F33F0BA4BF}.Release|x64.ActiveCfg = Release|Any CPU
		{306DECC8-10F2-4E07-8869-B7F33F0BA4BF}.Release|x64.Build.0 = Release|Any CPU
		{306DECC8-10F2-4E07-8869-B7F33F0BA4BF}.Release|x86.ActiveCfg = Release|Any CPU
		{306DECC8-10F2-4E07-8869-B7F33F0BA4BF}.Release|x86.Build.0 = Release|Any CPU
		{8335BD5A-E6DF-4FEC-82CD-469887EAD1F0}.Debug|Any CPU.ActiveCfg = Debug|Any CPU
		{8335BD5A-E6DF-4FEC-82CD-469887EAD1F0}.Debug|Any CPU.Build.0 = Debug|Any CPU
		{8335BD5A-E6DF-4FEC-82CD-469887EAD1F0}.Debug|x64.ActiveCfg = Debug|Any CPU
		{8335BD5A-E6DF-4FEC-82CD-469887EAD1F0}.Debug|x64.Build.0 = Debug|Any CPU
		{8335BD5A-E6DF-4FEC-82CD-469887EAD1F0}.Debug|x86.ActiveCfg = Debug|Any CPU
		{8335BD5A-E6DF-4FEC-82CD-469887EAD1F0}.Debug|x86.Build.0 = Debug|Any CPU
		{8335BD5A-E6DF-4FEC-82CD-469887EAD1F0}.Release|Any CPU.ActiveCfg = Release|Any CPU
		{8335BD5A-E6DF-4FEC-82CD-469887EAD1F0}.Release|Any CPU.Build.0 = Release|Any CPU
		{8335BD5A-E6DF-4FEC-82CD-469887EAD1F0}.Release|x64.ActiveCfg = Release|Any CPU
		{8335BD5A-E6DF-4FEC-82CD-469887EAD1F0}.Release|x64.Build.0 = Release|Any CPU
		{8335BD5A-E6DF-4FEC-82CD-469887EAD1F0}.Release|x86.ActiveCfg = Release|Any CPU
		{8335BD5A-E6DF-4FEC-82CD-469887EAD1F0}.Release|x86.Build.0 = Release|Any CPU
		{F2197F5E-7C95-4BCC-B8CA-D5E7B5E7B8B0}.Debug|Any CPU.ActiveCfg = Debug|Any CPU
		{F2197F5E-7C95-4BCC-B8CA-D5E7B5E7B8B0}.Debug|Any CPU.Build.0 = Debug|Any CPU
		{F2197F5E-7C95-4BCC-B8CA-D5E7B5E7B8B0}.Debug|x64.ActiveCfg = Debug|Any CPU
		{F2197F5E-7C95-4BCC-B8CA-D5E7B5E7B8B0}.Debug|x64.Build.0 = Debug|Any CPU
		{F2197F5E-7C95-4BCC-B8CA-D5E7B5E7B8B0}.Debug|x86.ActiveCfg = Debug|Any CPU
		{F2197F5E-7C95-4BCC-B8CA-D5E7B5E7B8B0}.Debug|x86.Build.0 = Debug|Any CPU
		{F2197F5E-7C95-4BCC-B8CA-D5E7B5E7B8B0}.Release|Any CPU.ActiveCfg = Release|Any CPU
		{F2197F5E-7C95-4BCC-B8CA-D5E7B5E7B8B0}.Release|Any CPU.Build.0 = Release|Any CPU
		{F2197F5E-7C95-4BCC-B8CA-D5E7B5E7B8B0}.Release|x64.ActiveCfg = Release|Any CPU
		{F2197F5E-7C95-4BCC-B8CA-D5E7B5E7B8B0}.Release|x64.Build.0 = Release|Any CPU
		{F2197F5E-7C95-4BCC-B8CA-D5E7B5E7B8B0}.Release|x86.ActiveCfg = Release|Any CPU
		{F2197F5E-7C95-4BCC-B8CA-D5E7B5E7B8B0}.Release|x86.Build.0 = Release|Any CPU
		{E61D8E50-6600-4E0C-BBA6-49355BD6CBA5}.Debug|Any CPU.ActiveCfg = Debug|Any CPU
		{E61D8E50-6600-4E0C-BBA6-49355BD6CBA5}.Debug|Any CPU.Build.0 = Debug|Any CPU
		{E61D8E50-6600-4E0C-BBA6-49355BD6CBA5}.Debug|x64.ActiveCfg = Debug|Any CPU
		{E61D8E50-6600-4E0C-BBA6-49355BD6CBA5}.Debug|x64.Build.0 = Debug|Any CPU
		{E61D8E50-6600-4E0C-BBA6-49355BD6CBA5}.Debug|x86.ActiveCfg = Debug|Any CPU
		{E61D8E50-6600-4E0C-BBA6-49355BD6CBA5}.Debug|x86.Build.0 = Debug|Any CPU
		{E61D8E50-6600-4E0C-BBA6-49355BD6CBA5}.Release|Any CPU.ActiveCfg = Release|Any CPU
		{E61D8E50-6600-4E0C-BBA6-49355BD6CBA5}.Release|Any CPU.Build.0 = Release|Any CPU
		{E61D8E50-6600-4E0C-BBA6-49355BD6CBA5}.Release|x64.ActiveCfg = Release|Any CPU
		{E61D8E50-6600-4E0C-BBA6-49355BD6CBA5}.Release|x64.Build.0 = Release|Any CPU
		{E61D8E50-6600-4E0C-BBA6-49355BD6CBA5}.Release|x86.ActiveCfg = Release|Any CPU
		{E61D8E50-6600-4E0C-BBA6-49355BD6CBA5}.Release|x86.Build.0 = Release|Any CPU
		{032F18CA-DD19-4A3D-9817-1AA7A2971C84}.Debug|Any CPU.ActiveCfg = Debug|Any CPU
		{032F18CA-DD19-4A3D-9817-1AA7A2971C84}.Debug|Any CPU.Build.0 = Debug|Any CPU
		{032F18CA-DD19-4A3D-9817-1AA7A2971C84}.Debug|x64.ActiveCfg = Debug|Any CPU
		{032F18CA-DD19-4A3D-9817-1AA7A2971C84}.Debug|x64.Build.0 = Debug|Any CPU
		{032F18CA-DD19-4A3D-9817-1AA7A2971C84}.Debug|x86.ActiveCfg = Debug|Any CPU
		{032F18CA-DD19-4A3D-9817-1AA7A2971C84}.Debug|x86.Build.0 = Debug|Any CPU
		{032F18CA-DD19-4A3D-9817-1AA7A2971C84}.Release|Any CPU.ActiveCfg = Release|Any CPU
		{032F18CA-DD19-4A3D-9817-1AA7A2971C84}.Release|Any CPU.Build.0 = Release|Any CPU
		{032F18CA-DD19-4A3D-9817-1AA7A2971C84}.Release|x64.ActiveCfg = Release|Any CPU
		{032F18CA-DD19-4A3D-9817-1AA7A2971C84}.Release|x64.Build.0 = Release|Any CPU
		{032F18CA-DD19-4A3D-9817-1AA7A2971C84}.Release|x86.ActiveCfg = Release|Any CPU
		{032F18CA-DD19-4A3D-9817-1AA7A2971C84}.Release|x86.Build.0 = Release|Any CPU
		{C98E02BE-061A-4FD9-98C7-762FD2A2D891}.Debug|Any CPU.ActiveCfg = Debug|Any CPU
		{C98E02BE-061A-4FD9-98C7-762FD2A2D891}.Debug|Any CPU.Build.0 = Debug|Any CPU
		{C98E02BE-061A-4FD9-98C7-762FD2A2D891}.Debug|x64.ActiveCfg = Debug|Any CPU
		{C98E02BE-061A-4FD9-98C7-762FD2A2D891}.Debug|x64.Build.0 = Debug|Any CPU
		{C98E02BE-061A-4FD9-98C7-762FD2A2D891}.Debug|x86.ActiveCfg = Debug|Any CPU
		{C98E02BE-061A-4FD9-98C7-762FD2A2D891}.Debug|x86.Build.0 = Debug|Any CPU
		{C98E02BE-061A-4FD9-98C7-762FD2A2D891}.Release|Any CPU.ActiveCfg = Release|Any CPU
		{C98E02BE-061A-4FD9-98C7-762FD2A2D891}.Release|Any CPU.Build.0 = Release|Any CPU
		{C98E02BE-061A-4FD9-98C7-762FD2A2D891}.Release|x64.ActiveCfg = Release|Any CPU
		{C98E02BE-061A-4FD9-98C7-762FD2A2D891}.Release|x64.Build.0 = Release|Any CPU
		{C98E02BE-061A-4FD9-98C7-762FD2A2D891}.Release|x86.ActiveCfg = Release|Any CPU
		{C98E02BE-061A-4FD9-98C7-762FD2A2D891}.Release|x86.Build.0 = Release|Any CPU
		{5E0FD75E-3EC6-4B15-B7A1-46A42123E71A}.Debug|Any CPU.ActiveCfg = Debug|Any CPU
		{5E0FD75E-3EC6-4B15-B7A1-46A42123E71A}.Debug|Any CPU.Build.0 = Debug|Any CPU
		{5E0FD75E-3EC6-4B15-B7A1-46A42123E71A}.Debug|x64.ActiveCfg = Debug|Any CPU
		{5E0FD75E-3EC6-4B15-B7A1-46A42123E71A}.Debug|x64.Build.0 = Debug|Any CPU
		{5E0FD75E-3EC6-4B15-B7A1-46A42123E71A}.Debug|x86.ActiveCfg = Debug|Any CPU
		{5E0FD75E-3EC6-4B15-B7A1-46A42123E71A}.Debug|x86.Build.0 = Debug|Any CPU
		{5E0FD75E-3EC6-4B15-B7A1-46A42123E71A}.Release|Any CPU.ActiveCfg = Release|Any CPU
		{5E0FD75E-3EC6-4B15-B7A1-46A42123E71A}.Release|Any CPU.Build.0 = Release|Any CPU
		{5E0FD75E-3EC6-4B15-B7A1-46A42123E71A}.Release|x64.ActiveCfg = Release|Any CPU
		{5E0FD75E-3EC6-4B15-B7A1-46A42123E71A}.Release|x64.Build.0 = Release|Any CPU
		{5E0FD75E-3EC6-4B15-B7A1-46A42123E71A}.Release|x86.ActiveCfg = Release|Any CPU
		{5E0FD75E-3EC6-4B15-B7A1-46A42123E71A}.Release|x86.Build.0 = Release|Any CPU
		{3D5611A1-51D7-4972-85F2-0769902ADEF0}.Debug|Any CPU.ActiveCfg = Debug|Any CPU
		{3D5611A1-51D7-4972-85F2-0769902ADEF0}.Debug|Any CPU.Build.0 = Debug|Any CPU
		{3D5611A1-51D7-4972-85F2-0769902ADEF0}.Debug|x64.ActiveCfg = Debug|Any CPU
		{3D5611A1-51D7-4972-85F2-0769902ADEF0}.Debug|x64.Build.0 = Debug|Any CPU
		{3D5611A1-51D7-4972-85F2-0769902ADEF0}.Debug|x86.ActiveCfg = Debug|Any CPU
		{3D5611A1-51D7-4972-85F2-0769902ADEF0}.Debug|x86.Build.0 = Debug|Any CPU
		{3D5611A1-51D7-4972-85F2-0769902ADEF0}.Release|Any CPU.ActiveCfg = Release|Any CPU
		{3D5611A1-51D7-4972-85F2-0769902ADEF0}.Release|Any CPU.Build.0 = Release|Any CPU
		{3D5611A1-51D7-4972-85F2-0769902ADEF0}.Release|x64.ActiveCfg = Release|Any CPU
		{3D5611A1-51D7-4972-85F2-0769902ADEF0}.Release|x64.Build.0 = Release|Any CPU
		{3D5611A1-51D7-4972-85F2-0769902ADEF0}.Release|x86.ActiveCfg = Release|Any CPU
		{3D5611A1-51D7-4972-85F2-0769902ADEF0}.Release|x86.Build.0 = Release|Any CPU
		{AF9241D4-4A42-4474-9DAA-F46BCBA83A2F}.Debug|Any CPU.ActiveCfg = Debug|Any CPU
		{AF9241D4-4A42-4474-9DAA-F46BCBA83A2F}.Debug|Any CPU.Build.0 = Debug|Any CPU
		{AF9241D4-4A42-4474-9DAA-F46BCBA83A2F}.Debug|x64.ActiveCfg = Debug|Any CPU
		{AF9241D4-4A42-4474-9DAA-F46BCBA83A2F}.Debug|x64.Build.0 = Debug|Any CPU
		{AF9241D4-4A42-4474-9DAA-F46BCBA83A2F}.Debug|x86.ActiveCfg = Debug|Any CPU
		{AF9241D4-4A42-4474-9DAA-F46BCBA83A2F}.Debug|x86.Build.0 = Debug|Any CPU
		{AF9241D4-4A42-4474-9DAA-F46BCBA83A2F}.Release|Any CPU.ActiveCfg = Release|Any CPU
		{AF9241D4-4A42-4474-9DAA-F46BCBA83A2F}.Release|Any CPU.Build.0 = Release|Any CPU
		{AF9241D4-4A42-4474-9DAA-F46BCBA83A2F}.Release|x64.ActiveCfg = Release|Any CPU
		{AF9241D4-4A42-4474-9DAA-F46BCBA83A2F}.Release|x64.Build.0 = Release|Any CPU
		{AF9241D4-4A42-4474-9DAA-F46BCBA83A2F}.Release|x86.ActiveCfg = Release|Any CPU
		{AF9241D4-4A42-4474-9DAA-F46BCBA83A2F}.Release|x86.Build.0 = Release|Any CPU
		{B7FF930F-D18F-44B3-95E0-5CB73D86CC9E}.Debug|Any CPU.ActiveCfg = Debug|Any CPU
		{B7FF930F-D18F-44B3-95E0-5CB73D86CC9E}.Debug|Any CPU.Build.0 = Debug|Any CPU
		{B7FF930F-D18F-44B3-95E0-5CB73D86CC9E}.Debug|x64.ActiveCfg = Debug|Any CPU
		{B7FF930F-D18F-44B3-95E0-5CB73D86CC9E}.Debug|x64.Build.0 = Debug|Any CPU
		{B7FF930F-D18F-44B3-95E0-5CB73D86CC9E}.Debug|x86.ActiveCfg = Debug|Any CPU
		{B7FF930F-D18F-44B3-95E0-5CB73D86CC9E}.Debug|x86.Build.0 = Debug|Any CPU
		{B7FF930F-D18F-44B3-95E0-5CB73D86CC9E}.Release|Any CPU.ActiveCfg = Release|Any CPU
		{B7FF930F-D18F-44B3-95E0-5CB73D86CC9E}.Release|Any CPU.Build.0 = Release|Any CPU
		{B7FF930F-D18F-44B3-95E0-5CB73D86CC9E}.Release|x64.ActiveCfg = Release|Any CPU
		{B7FF930F-D18F-44B3-95E0-5CB73D86CC9E}.Release|x64.Build.0 = Release|Any CPU
		{B7FF930F-D18F-44B3-95E0-5CB73D86CC9E}.Release|x86.ActiveCfg = Release|Any CPU
		{B7FF930F-D18F-44B3-95E0-5CB73D86CC9E}.Release|x86.Build.0 = Release|Any CPU
		{5978C564-D447-4A8E-B629-B4BC42104F94}.Debug|Any CPU.ActiveCfg = Debug|Any CPU
		{5978C564-D447-4A8E-B629-B4BC42104F94}.Debug|Any CPU.Build.0 = Debug|Any CPU
		{5978C564-D447-4A8E-B629-B4BC42104F94}.Debug|x64.ActiveCfg = Debug|Any CPU
		{5978C564-D447-4A8E-B629-B4BC42104F94}.Debug|x64.Build.0 = Debug|Any CPU
		{5978C564-D447-4A8E-B629-B4BC42104F94}.Debug|x86.ActiveCfg = Debug|Any CPU
		{5978C564-D447-4A8E-B629-B4BC42104F94}.Debug|x86.Build.0 = Debug|Any CPU
		{5978C564-D447-4A8E-B629-B4BC42104F94}.Release|Any CPU.ActiveCfg = Release|Any CPU
		{5978C564-D447-4A8E-B629-B4BC42104F94}.Release|Any CPU.Build.0 = Release|Any CPU
		{5978C564-D447-4A8E-B629-B4BC42104F94}.Release|x64.ActiveCfg = Release|Any CPU
		{5978C564-D447-4A8E-B629-B4BC42104F94}.Release|x64.Build.0 = Release|Any CPU
		{5978C564-D447-4A8E-B629-B4BC42104F94}.Release|x86.ActiveCfg = Release|Any CPU
		{5978C564-D447-4A8E-B629-B4BC42104F94}.Release|x86.Build.0 = Release|Any CPU
		{3C9E6A76-B22C-4210-AF8F-1305CCC16224}.Debug|Any CPU.ActiveCfg = Debug|Any CPU
		{3C9E6A76-B22C-4210-AF8F-1305CCC16224}.Debug|Any CPU.Build.0 = Debug|Any CPU
		{3C9E6A76-B22C-4210-AF8F-1305CCC16224}.Debug|x64.ActiveCfg = Debug|Any CPU
		{3C9E6A76-B22C-4210-AF8F-1305CCC16224}.Debug|x64.Build.0 = Debug|Any CPU
		{3C9E6A76-B22C-4210-AF8F-1305CCC16224}.Debug|x86.ActiveCfg = Debug|Any CPU
		{3C9E6A76-B22C-4210-AF8F-1305CCC16224}.Debug|x86.Build.0 = Debug|Any CPU
		{3C9E6A76-B22C-4210-AF8F-1305CCC16224}.Release|Any CPU.ActiveCfg = Release|Any CPU
		{3C9E6A76-B22C-4210-AF8F-1305CCC16224}.Release|Any CPU.Build.0 = Release|Any CPU
		{3C9E6A76-B22C-4210-AF8F-1305CCC16224}.Release|x64.ActiveCfg = Release|Any CPU
		{3C9E6A76-B22C-4210-AF8F-1305CCC16224}.Release|x64.Build.0 = Release|Any CPU
		{3C9E6A76-B22C-4210-AF8F-1305CCC16224}.Release|x86.ActiveCfg = Release|Any CPU
		{3C9E6A76-B22C-4210-AF8F-1305CCC16224}.Release|x86.Build.0 = Release|Any CPU
		{D4269B6C-425E-48BC-BD6E-71AC9BB77DF0}.Debug|Any CPU.ActiveCfg = Debug|Any CPU
		{D4269B6C-425E-48BC-BD6E-71AC9BB77DF0}.Debug|Any CPU.Build.0 = Debug|Any CPU
		{D4269B6C-425E-48BC-BD6E-71AC9BB77DF0}.Debug|x64.ActiveCfg = Debug|Any CPU
		{D4269B6C-425E-48BC-BD6E-71AC9BB77DF0}.Debug|x64.Build.0 = Debug|Any CPU
		{D4269B6C-425E-48BC-BD6E-71AC9BB77DF0}.Debug|x86.ActiveCfg = Debug|Any CPU
		{D4269B6C-425E-48BC-BD6E-71AC9BB77DF0}.Debug|x86.Build.0 = Debug|Any CPU
		{D4269B6C-425E-48BC-BD6E-71AC9BB77DF0}.Release|Any CPU.ActiveCfg = Release|Any CPU
		{D4269B6C-425E-48BC-BD6E-71AC9BB77DF0}.Release|Any CPU.Build.0 = Release|Any CPU
		{D4269B6C-425E-48BC-BD6E-71AC9BB77DF0}.Release|x64.ActiveCfg = Release|Any CPU
		{D4269B6C-425E-48BC-BD6E-71AC9BB77DF0}.Release|x64.Build.0 = Release|Any CPU
		{D4269B6C-425E-48BC-BD6E-71AC9BB77DF0}.Release|x86.ActiveCfg = Release|Any CPU
		{D4269B6C-425E-48BC-BD6E-71AC9BB77DF0}.Release|x86.Build.0 = Release|Any CPU
	EndGlobalSection
	GlobalSection(SolutionProperties) = preSolution
		HideSolutionNode = FALSE
	EndGlobalSection
	GlobalSection(NestedProjects) = preSolution
		{C1353529-7813-4585-9AC2-E881CCDC967C} = {02EA681E-C7D8-13C7-8484-4AC65E1B71E8}
		{83493C40-5B4C-4329-964C-3744ACA0D5B6} = {02EA681E-C7D8-13C7-8484-4AC65E1B71E8}
		{1DBC395B-C179-4436-AA8B-C299D8D1D15A} = {02EA681E-C7D8-13C7-8484-4AC65E1B71E8}
		{CD9CB644-39A5-4724-96F1-403FA41A32E8} = {1DBC395B-C179-4436-AA8B-C299D8D1D15A}
		{306DECC8-10F2-4E07-8869-B7F33F0BA4BF} = {1DBC395B-C179-4436-AA8B-C299D8D1D15A}
		{8335BD5A-E6DF-4FEC-82CD-469887EAD1F0} = {C1353529-7813-4585-9AC2-E881CCDC967C}
		{F2197F5E-7C95-4BCC-B8CA-D5E7B5E7B8B0} = {C1353529-7813-4585-9AC2-E881CCDC967C}
		{E61D8E50-6600-4E0C-BBA6-49355BD6CBA5} = {C1353529-7813-4585-9AC2-E881CCDC967C}
		{032F18CA-DD19-4A3D-9817-1AA7A2971C84} = {C1353529-7813-4585-9AC2-E881CCDC967C}
		{C98E02BE-061A-4FD9-98C7-762FD2A2D891} = {83493C40-5B4C-4329-964C-3744ACA0D5B6}
		{5E0FD75E-3EC6-4B15-B7A1-46A42123E71A} = {83493C40-5B4C-4329-964C-3744ACA0D5B6}
		{3D5611A1-51D7-4972-85F2-0769902ADEF0} = {83493C40-5B4C-4329-964C-3744ACA0D5B6}
		{AF9241D4-4A42-4474-9DAA-F46BCBA83A2F} = {83493C40-5B4C-4329-964C-3744ACA0D5B6}
		{B7FF930F-D18F-44B3-95E0-5CB73D86CC9E} = {54EB8A31-F39E-448C-8679-4CA59418F454}
		{5978C564-D447-4A8E-B629-B4BC42104F94} = {54EB8A31-F39E-448C-8679-4CA59418F454}
		{3C9E6A76-B22C-4210-AF8F-1305CCC16224} = {54EB8A31-F39E-448C-8679-4CA59418F454}
		{D4269B6C-425E-48BC-BD6E-71AC9BB77DF0} = {54EB8A31-F39E-448C-8679-4CA59418F454}
	EndGlobalSection
	GlobalSection(ExtensibilityGlobals) = postSolution
		SolutionGuid = {28FFD229-6A4F-435C-9785-005632EA4515}
	EndGlobalSection
EndGlobal
